
Microsoft Visual Studio Solution File, Format Version 11.00
# Visual Studio 2010
Project("{FAE04EC0-301F-11D3-BF4B-00C04F79EFBC}") = "IdSharp.Common", "IdSharp.Common.csproj", "{1C83FB63-E16E-4380-9DD0-26E1799C417D}"
EndProject
Global
	GlobalSection(SolutionConfigurationPlatforms) = preSolution
		Debug|Any CPU = Debug|Any CPU
		Release|Any CPU = Release|Any CPU
	EndGlobalSection
	GlobalSection(ProjectConfigurationPlatforms) = postSolution
		{1C83FB63-E16E-4380-9DD0-26E1799C417D}.Debug|Any CPU.ActiveCfg = Debug|Any CPU
		{1C83FB63-E16E-4380-9DD0-26E1799C417D}.Debug|Any CPU.Build.0 = Debug|Any CPU
		{1C83FB63-E16E-4380-9DD0-26E1799C417D}.Release|Any CPU.ActiveCfg = Release|Any CPU
		{1C83FB63-E16E-4380-9DD0-26E1799C417D}.Release|Any CPU.Build.0 = Release|Any CPU
	EndGlobalSection
	GlobalSection(SolutionProperties) = preSolution
		HideSolutionNode = FALSE
	EndGlobalSection
EndGlobal
